# THIS LOCKFILE WAS HAND-CRAFTED FROM package-lock.json
lockfileVersion: 9.0
settings:
  autoInstallPeers: true
  excludeLinksFromLockfile: false
importers:
  .:
    dependencies:
      @expo/vector-icons:
        specifier: ^15.0.3
        version: 15.0.3
      @react-navigation/bottom-tabs:
        specifier: ^7.4.0
        version: 7.7.2
      @react-navigation/elements:
        specifier: ^2.6.3
        version: 2.8.0
      @react-navigation/native:
        specifier: ^7.1.8
        version: 7.1.19
      @tanstack/react-form:
        specifier: ^1.23.8
        version: 1.23.8
      @tanstack/react-query:
        specifier: ^5.90.5
        version: 5.90.5
      @tanstack/react-query-devtools:
        specifier: ^5.90.2
        version: 5.90.2
      @tanstack/zod-form-adapter:
        specifier: ^0.42.1
        version: 0.42.1
      expo:
        specifier: ~54.0.20
        version: 54.0.21
      expo-constants:
        specifier: ~18.0.10
        version: 18.0.10
      expo-font:
        specifier: ~14.0.9
        version: 14.0.9
      expo-haptics:
        specifier: ~15.0.7
        version: 15.0.7
      expo-image:
        specifier: ~3.0.10
        version: 3.0.10
      expo-linking:
        specifier: ~8.0.8
        version: 8.0.8
      expo-router:
        specifier: ~6.0.13
        version: 6.0.14
      expo-splash-screen:
        specifier: ~31.0.10
        version: 31.0.10
      expo-status-bar:
        specifier: ~3.0.8
        version: 3.0.8
      expo-symbols:
        specifier: ~1.0.7
        version: 1.0.7
      expo-system-ui:
        specifier: ~6.0.8
        version: 6.0.8
      expo-web-browser:
        specifier: ~15.0.8
        version: 15.0.8
      react:
        specifier: 19.1.0
        version: 19.1.0
      react-dom:
        specifier: 19.1.0
        version: 19.1.0
      react-error-boundary:
        specifier: ^6.0.0
        version: 6.0.0
      react-native:
        specifier: 0.81.5
        version: 0.81.5
      react-native-gesture-handler:
        specifier: ~2.28.0
        version: 2.28.0
      react-native-reanimated:
        specifier: ~4.1.1
        version: 4.1.3
      react-native-safe-area-context:
        specifier: ~5.6.0
        version: 5.6.2
      react-native-screens:
        specifier: ~4.16.0
        version: 4.16.0
      react-native-web:
        specifier: ~0.21.0
        version: 0.21.2
      react-native-worklets:
        specifier: 0.5.1
        version: 0.5.1
      zod:
        specifier: ^3.25.76
        version: 3.25.76
    devDependencies:
      @types/react:
        specifier: ~19.1.0
        version: 19.1.17
      dotenv-cli:
        specifier: ^11.0.0
        version: 11.0.0
      eslint:
        specifier: ^9.25.0
        version: 9.38.0
      eslint-config-expo:
        specifier: ~10.0.0
        version: 10.0.0
      orval:
        specifier: ^7.1.1
        version: 7.13.2
      typescript:
        specifier: ~5.9.2
        version: 5.9.3
    optionalDependencies: {}
packages: {}
